
Microsoft Visual Studio Solution File, Format Version 12.00
# Visual Studio 15
VisualStudioVersion = 15.0.28307.1705
MinimumVisualStudioVersion = 10.0.40219.1
Project("{159641D6-6404-4A2A-AE62-294DE0FE8301}") = "Integration Services Project1", "Integration Services Project1\Integration Services Project1.dtproj", "{51E3CA61-8005-4829-88AF-EAFA25433731}"
EndProject
Global
	GlobalSection(SolutionConfigurationPlatforms) = preSolution
		Development|Default = Development|Default
	EndGlobalSection
	GlobalSection(ProjectConfigurationPlatforms) = postSolution
		{51E3CA61-8005-4829-88AF-EAFA25433731}.Development|Default.ActiveCfg = Development
		{51E3CA61-8005-4829-88AF-EAFA25433731}.Development|Default.Build.0 = Development
	EndGlobalSection
	GlobalSection(SolutionProperties) = preSolution
		HideSolutionNode = FALSE
	EndGlobalSection
	GlobalSection(ExtensibilityGlobals) = postSolution
		SolutionGuid = {820F39DE-A3B3-4339-8580-7EBAFCCFB419}
	EndGlobalSection
EndGlobal
